{
  "name": "autokern",
  "version": "0.0.1",
  "lockfileVersion": 3,
  "requires": true,
  "packages": {
    "": {
      "name": "autokern",
      "version": "0.0.1",
      "license": "MIT",
      "dependencies": {
        "fonteditor-core": "^2.4.1",
        "glur": "^1.1.2",
        "pngjs": "^7.0.0",
        "workerpool": "^9.2.0",
        "yaml": "^2.6.1"
      }
    },
    "node_modules/@xmldom/xmldom": {
      "version": "0.8.10",
      "resolved": "https://registry.npmjs.org/@xmldom/xmldom/-/xmldom-0.8.10.tgz",
      "integrity": "sha512-2WALfTl4xo2SkGCYRt6rDTFfk9R1czmBvUQy12gK2KuRKIpWEhcbbzy8EZXtz/jkRqHX8bFEc6FC1HjX4TUWYw==",
      "license": "MIT",
      "engines": {
        "node": ">=10.0.0"
      }
    },
    "node_modules/fonteditor-core": {
      "version": "2.4.1",
      "resolved": "https://registry.npmjs.org/fonteditor-core/-/fonteditor-core-2.4.1.tgz",
      "integrity": "sha512-nKDDt6kBQGq665tQO5tCRQUClJG/2MAF9YT1eKHl+I4NasdSb6DgXrv/gMjNxjo9NyaVEv9KU9VZxLHMstN1wg==",
      "dependencies": {
        "@xmldom/xmldom": "^0.8.3"
      }
    },
    "node_modules/glur": {
      "version": "1.1.2",
      "resolved": "https://registry.npmjs.org/glur/-/glur-1.1.2.tgz",
      "integrity": "sha512-l+8esYHTKOx2G/Aao4lEQ0bnHWg4fWtJbVoZZT9Knxi01pB8C80BR85nONLFwkkQoFRCmXY+BUcGZN3yZ2QsRA==",
      "license": "MIT"
    },
    "node_modules/pngjs": {
      "version": "7.0.0",
      "resolved": "https://registry.npmjs.org/pngjs/-/pngjs-7.0.0.tgz",
      "integrity": "sha512-LKWqWJRhstyYo9pGvgor/ivk2w94eSjE3RGVuzLGlr3NmD8bf7RcYGze1mNdEHRP6TRP6rMuDHk5t44hnTRyow==",
      "license": "MIT",
      "engines": {
        "node": ">=14.19.0"
      }
    },
    "node_modules/workerpool": {
      "version": "9.2.0",
      "resolved": "https://registry.npmjs.org/workerpool/-/workerpool-9.2.0.tgz",
      "integrity": "sha512-PKZqBOCo6CYkVOwAxWxQaSF2Fvb5Iv2fCeTP7buyWI2GiynWr46NcXSgK/idoV6e60dgCBfgYc+Un3HMvmqP8w==",
      "license": "Apache-2.0"
    },
    "node_modules/yaml": {
      "version": "2.6.1",
      "resolved": "https://registry.npmjs.org/yaml/-/yaml-2.6.1.tgz",
      "integrity": "sha512-7r0XPzioN/Q9kXBro/XPnA6kznR73DHq+GXh5ON7ZozRO6aMjbmiBuKste2wslTFkC5d1dw0GooOCepZXJ2SAg==",
      "license": "ISC",
      "bin": {
        "yaml": "bin.mjs"
      },
      "engines": {
        "node": ">= 14"
      }
    }
  }
}
